
Microsoft Visual Studio Solution File, Format Version 12.00
# Visual Studio Version 16
VisualStudioVersion = 16.0.32510.428
MinimumVisualStudioVersion = 10.0.40219.1
Project("{8BC9CEB8-8B4A-11D0-8D11-00A0C91BC942}") = "L20220719", "L20220719.vcxproj", "{B46E9D19-2581-44E7-82D1-8DD4A4A8B747}"
EndProject
Global
	GlobalSection(SolutionConfigurationPlatforms) = preSolution
		Debug|x64 = Debug|x64
		Debug|x86 = Debug|x86
		Release|x64 = Release|x64
		Release|x86 = Release|x86
	EndGlobalSection
	GlobalSection(ProjectConfigurationPlatforms) = postSolution
		{B46E9D19-2581-44E7-82D1-8DD4A4A8B747}.Debug|x64.ActiveCfg = Debug|x64
		{B46E9D19-2581-44E7-82D1-8DD4A4A8B747}.Debug|x64.Build.0 = Debug|x64
		{B46E9D19-2581-44E7-82D1-8DD4A4A8B747}.Debug|x86.ActiveCfg = Debug|Win32
		{B46E9D19-2581-44E7-82D1-8DD4A4A8B747}.Debug|x86.Build.0 = Debug|Win32
		{B46E9D19-2581-44E7-82D1-8DD4A4A8B747}.Release|x64.ActiveCfg = Release|x64
		{B46E9D19-2581-44E7-82D1-8DD4A4A8B747}.Release|x64.Build.0 = Release|x64
		{B46E9D19-2581-44E7-82D1-8DD4A4A8B747}.Release|x86.ActiveCfg = Release|Win32
		{B46E9D19-2581-44E7-82D1-8DD4A4A8B747}.Release|x86.Build.0 = Release|Win32
	EndGlobalSection
	GlobalSection(SolutionProperties) = preSolution
		HideSolutionNode = FALSE
	EndGlobalSection
	GlobalSection(ExtensibilityGlobals) = postSolution
		SolutionGuid = {2A3B6CDE-18F9-48CE-B00E-92556376AA6F}
	EndGlobalSection
EndGlobal
