
Microsoft Visual Studio Solution File, Format Version 12.00
# Visual Studio Version 16
VisualStudioVersion = 16.0.32510.428
MinimumVisualStudioVersion = 10.0.40219.1
Project("{8BC9CEB8-8B4A-11D0-8D11-00A0C91BC942}") = "L20220719-2", "L20220719-2.vcxproj", "{5665EECF-8582-4E1F-B7BA-16AB51ED91CE}"
EndProject
Global
	GlobalSection(SolutionConfigurationPlatforms) = preSolution
		Debug|x64 = Debug|x64
		Debug|x86 = Debug|x86
		Release|x64 = Release|x64
		Release|x86 = Release|x86
	EndGlobalSection
	GlobalSection(ProjectConfigurationPlatforms) = postSolution
		{5665EECF-8582-4E1F-B7BA-16AB51ED91CE}.Debug|x64.ActiveCfg = Debug|x64
		{5665EECF-8582-4E1F-B7BA-16AB51ED91CE}.Debug|x64.Build.0 = Debug|x64
		{5665EECF-8582-4E1F-B7BA-16AB51ED91CE}.Debug|x86.ActiveCfg = Debug|Win32
		{5665EECF-8582-4E1F-B7BA-16AB51ED91CE}.Debug|x86.Build.0 = Debug|Win32
		{5665EECF-8582-4E1F-B7BA-16AB51ED91CE}.Release|x64.ActiveCfg = Release|x64
		{5665EECF-8582-4E1F-B7BA-16AB51ED91CE}.Release|x64.Build.0 = Release|x64
		{5665EECF-8582-4E1F-B7BA-16AB51ED91CE}.Release|x86.ActiveCfg = Release|Win32
		{5665EECF-8582-4E1F-B7BA-16AB51ED91CE}.Release|x86.Build.0 = Release|Win32
	EndGlobalSection
	GlobalSection(SolutionProperties) = preSolution
		HideSolutionNode = FALSE
	EndGlobalSection
	GlobalSection(ExtensibilityGlobals) = postSolution
		SolutionGuid = {56F60AFD-8113-4A94-89EA-E80E7A14A28C}
	EndGlobalSection
EndGlobal
